
Microsoft Visual Studio Solution File, Format Version 12.00
# Visual Studio Version 16
VisualStudioVersion = 16.0.31410.357
MinimumVisualStudioVersion = 10.0.40219.1
Project("{9A19103F-16F7-4668-BE54-9A1E7A4F7556}") = "TeamsApp", "Code\TeamsApp\TeamsApp.csproj", "{A7406E43-2D9E-443F-9F6D-832D5C45DB5C}"
EndProject
Global
	GlobalSection(SolutionConfigurationPlatforms) = preSolution
		Debug|Any CPU = Debug|Any CPU
		Release|Any CPU = Release|Any CPU
	EndGlobalSection
	GlobalSection(ProjectConfigurationPlatforms) = postSolution
		{A7406E43-2D9E-443F-9F6D-832D5C45DB5C}.Debug|Any CPU.ActiveCfg = Debug|Any CPU
		{A7406E43-2D9E-443F-9F6D-832D5C45DB5C}.Debug|Any CPU.Build.0 = Debug|Any CPU
		{A7406E43-2D9E-443F-9F6D-832D5C45DB5C}.Release|Any CPU.ActiveCfg = Release|Any CPU
		{A7406E43-2D9E-443F-9F6D-832D5C45DB5C}.Release|Any CPU.Build.0 = Release|Any CPU
	EndGlobalSection
	GlobalSection(SolutionProperties) = preSolution
		HideSolutionNode = FALSE
	EndGlobalSection
	GlobalSection(ExtensibilityGlobals) = postSolution
		SolutionGuid = {E3217416-8DC2-48BD-BDE0-CDFBA78879AA}
	EndGlobalSection
EndGlobal
